
Microsoft Visual Studio Solution File, Format Version 12.00
# Visual Studio Version 17
VisualStudioVersion = 17.0.31903.59
MinimumVisualStudioVersion = 10.0.40219.1
Project("{2150E333-8FDC-42A3-9474-1A3956D46DE8}") = "Services", "Services", "{32BB5CD7-0A36-4BD9-A5D1-F6D142E7DA2E}"
EndProject
Project("{FAE04EC0-301F-11D3-BF4B-00C04F79EFBC}") = "AuthService", "Services\AuthService\AuthService.csproj", "{9906DA05-E711-4BC9-916E-4B696F75F20E}"
EndProject
Project("{2150E333-8FDC-42A3-9474-1A3956D46DE8}") = "GateWay", "GateWay", "{4B22ECBC-E426-4E41-B221-B15E41D900FA}"
EndProject
Project("{FAE04EC0-301F-11D3-BF4B-00C04F79EFBC}") = "InternalGateway", "GateWay\InternalGateway\InternalGateway.csproj", "{F3C69284-5A60-4C67-BA14-EEEDFC17456F}"
EndProject
Project("{FAE04EC0-301F-11D3-BF4B-00C04F79EFBC}") = "Contracts", "Contracts\Contracts.csproj", "{0DE1CF05-4F56-4B42-A7FB-544C4BEB36C2}"
EndProject
Global
	GlobalSection(SolutionConfigurationPlatforms) = preSolution
		Debug|Any CPU = Debug|Any CPU
		Release|Any CPU = Release|Any CPU
	EndGlobalSection
	GlobalSection(SolutionProperties) = preSolution
		HideSolutionNode = FALSE
	EndGlobalSection
	GlobalSection(ProjectConfigurationPlatforms) = postSolution
		{9906DA05-E711-4BC9-916E-4B696F75F20E}.Debug|Any CPU.ActiveCfg = Debug|Any CPU
		{9906DA05-E711-4BC9-916E-4B696F75F20E}.Debug|Any CPU.Build.0 = Debug|Any CPU
		{9906DA05-E711-4BC9-916E-4B696F75F20E}.Release|Any CPU.ActiveCfg = Release|Any CPU
		{9906DA05-E711-4BC9-916E-4B696F75F20E}.Release|Any CPU.Build.0 = Release|Any CPU
		{F3C69284-5A60-4C67-BA14-EEEDFC17456F}.Debug|Any CPU.ActiveCfg = Debug|Any CPU
		{F3C69284-5A60-4C67-BA14-EEEDFC17456F}.Debug|Any CPU.Build.0 = Debug|Any CPU
		{F3C69284-5A60-4C67-BA14-EEEDFC17456F}.Release|Any CPU.ActiveCfg = Release|Any CPU
		{F3C69284-5A60-4C67-BA14-EEEDFC17456F}.Release|Any CPU.Build.0 = Release|Any CPU
		{0DE1CF05-4F56-4B42-A7FB-544C4BEB36C2}.Debug|Any CPU.ActiveCfg = Debug|Any CPU
		{0DE1CF05-4F56-4B42-A7FB-544C4BEB36C2}.Debug|Any CPU.Build.0 = Debug|Any CPU
		{0DE1CF05-4F56-4B42-A7FB-544C4BEB36C2}.Release|Any CPU.ActiveCfg = Release|Any CPU
		{0DE1CF05-4F56-4B42-A7FB-544C4BEB36C2}.Release|Any CPU.Build.0 = Release|Any CPU
	EndGlobalSection
	GlobalSection(NestedProjects) = preSolution
		{9906DA05-E711-4BC9-916E-4B696F75F20E} = {32BB5CD7-0A36-4BD9-A5D1-F6D142E7DA2E}
		{F3C69284-5A60-4C67-BA14-EEEDFC17456F} = {4B22ECBC-E426-4E41-B221-B15E41D900FA}
	EndGlobalSection
EndGlobal
